
Microsoft Visual Studio Solution File, Format Version 12.00
# Visual Studio Version 17
VisualStudioVersion = 17.11.35312.102
MinimumVisualStudioVersion = 10.0.40219.1
Project("{FAE04EC0-301F-11D3-BF4B-00C04F79EFBC}") = "HomeTask16", "HomeTask16.csproj", "{4F47F36A-1B14-4FD3-BBE4-EE0C7AC3ECEA}"
EndProject
Global
	GlobalSection(SolutionConfigurationPlatforms) = preSolution
		Debug|Any CPU = Debug|Any CPU
		Release|Any CPU = Release|Any CPU
	EndGlobalSection
	GlobalSection(ProjectConfigurationPlatforms) = postSolution
		{4F47F36A-1B14-4FD3-BBE4-EE0C7AC3ECEA}.Debug|Any CPU.ActiveCfg = Debug|Any CPU
		{4F47F36A-1B14-4FD3-BBE4-EE0C7AC3ECEA}.Debug|Any CPU.Build.0 = Debug|Any CPU
		{4F47F36A-1B14-4FD3-BBE4-EE0C7AC3ECEA}.Release|Any CPU.ActiveCfg = Release|Any CPU
		{4F47F36A-1B14-4FD3-BBE4-EE0C7AC3ECEA}.Release|Any CPU.Build.0 = Release|Any CPU
	EndGlobalSection
	GlobalSection(SolutionProperties) = preSolution
		HideSolutionNode = FALSE
	EndGlobalSection
	GlobalSection(ExtensibilityGlobals) = postSolution
		SolutionGuid = {F8BC72A4-C3D7-4884-9E08-BBEBA52F7EAB}
	EndGlobalSection
EndGlobal
